PODS:
  - FormTextField (3.1.0)
  - TestFairy (1.29.3)

DEPENDENCIES:
  - FormTextField
  - TestFairy

SPEC REPOS:
  trunk:
    - FormTextField
    - TestFairy

SPEC CHECKSUMS:
  FormTextField: 229e496b8dae002c5062ea5e961e2140528782e2
  TestFairy: 7a7a552eefe8970da2b63b83f519e3928ae47f12

PODFILE CHECKSUM: 711e9ecdcf629ff41949c85f7f4438f9bc591bd0

COCOAPODS: 1.11.2
